
Microsoft Visual Studio Solution File, Format Version 12.00
# Visual Studio Version 17
VisualStudioVersion = 17.5.002.0
MinimumVisualStudioVersion = 10.0.40219.1
Project("{9A19103F-16F7-4668-BE54-9A1E7A4F7556}") = "API", "API.csproj", "{57458A68-C7B8-4D60-86AD-8DB2F8B7A0E2}"
EndProject
Global
	GlobalSection(SolutionConfigurationPlatforms) = preSolution
		Debug|Any CPU = Debug|Any CPU
		Release|Any CPU = Release|Any CPU
	EndGlobalSection
	GlobalSection(ProjectConfigurationPlatforms) = postSolution
		{57458A68-C7B8-4D60-86AD-8DB2F8B7A0E2}.Debug|Any CPU.ActiveCfg = Debug|Any CPU
		{57458A68-C7B8-4D60-86AD-8DB2F8B7A0E2}.Debug|Any CPU.Build.0 = Debug|Any CPU
		{57458A68-C7B8-4D60-86AD-8DB2F8B7A0E2}.Release|Any CPU.ActiveCfg = Release|Any CPU
		{57458A68-C7B8-4D60-86AD-8DB2F8B7A0E2}.Release|Any CPU.Build.0 = Release|Any CPU
	EndGlobalSection
	GlobalSection(SolutionProperties) = preSolution
		HideSolutionNode = FALSE
	EndGlobalSection
	GlobalSection(ExtensibilityGlobals) = postSolution
		SolutionGuid = {66677744-EB9C-4043-B5A3-6AB1C1A14ECF}
	EndGlobalSection
EndGlobal
