
Microsoft Visual Studio Solution File, Format Version 12.00
# Visual Studio Version 17
VisualStudioVersion = 17.8.34525.116
MinimumVisualStudioVersion = 10.0.40219.1
Project("{FAE04EC0-301F-11D3-BF4B-00C04F79EFBC}") = "SendEmailAPI", "SendEmailAPI\SendEmailAPI.csproj", "{425E7A98-FBE8-42F6-9CCE-3FCC448F9F83}"
EndProject
Global
	GlobalSection(SolutionConfigurationPlatforms) = preSolution
		Debug|Any CPU = Debug|Any CPU
		Release|Any CPU = Release|Any CPU
	EndGlobalSection
	GlobalSection(ProjectConfigurationPlatforms) = postSolution
		{425E7A98-FBE8-42F6-9CCE-3FCC448F9F83}.Debug|Any CPU.ActiveCfg = Debug|Any CPU
		{425E7A98-FBE8-42F6-9CCE-3FCC448F9F83}.Debug|Any CPU.Build.0 = Debug|Any CPU
		{425E7A98-FBE8-42F6-9CCE-3FCC448F9F83}.Release|Any CPU.ActiveCfg = Release|Any CPU
		{425E7A98-FBE8-42F6-9CCE-3FCC448F9F83}.Release|Any CPU.Build.0 = Release|Any CPU
	EndGlobalSection
	GlobalSection(SolutionProperties) = preSolution
		HideSolutionNode = FALSE
	EndGlobalSection
	GlobalSection(ExtensibilityGlobals) = postSolution
		SolutionGuid = {8694118E-B447-45D9-ADFF-7AE256F20760}
	EndGlobalSection
EndGlobal
